
Microsoft Visual Studio Solution File, Format Version 12.00
# Visual Studio Version 17
VisualStudioVersion = 17.14.36109.1 d17.14
MinimumVisualStudioVersion = 10.0.40219.1
Project("{FAE04EC0-301F-11D3-BF4B-00C04F79EFBC}") = "TodoListBlazorServerApp", "TodoListBlazorServerApp\TodoListBlazorServerApp.csproj", "{299A80D5-2934-4B22-AFD8-F295C0691576}"
EndProject
Global
	GlobalSection(SolutionConfigurationPlatforms) = preSolution
		Debug|Any CPU = Debug|Any CPU
		Release|Any CPU = Release|Any CPU
	EndGlobalSection
	GlobalSection(ProjectConfigurationPlatforms) = postSolution
		{299A80D5-2934-4B22-AFD8-F295C0691576}.Debug|Any CPU.ActiveCfg = Debug|Any CPU
		{299A80D5-2934-4B22-AFD8-F295C0691576}.Debug|Any CPU.Build.0 = Debug|Any CPU
		{299A80D5-2934-4B22-AFD8-F295C0691576}.Release|Any CPU.ActiveCfg = Release|Any CPU
		{299A80D5-2934-4B22-AFD8-F295C0691576}.Release|Any CPU.Build.0 = Release|Any CPU
	EndGlobalSection
	GlobalSection(SolutionProperties) = preSolution
		HideSolutionNode = FALSE
	EndGlobalSection
	GlobalSection(ExtensibilityGlobals) = postSolution
		SolutionGuid = {4F04F73A-73C5-4ECC-AD8E-4F4BFBDC4107}
	EndGlobalSection
EndGlobal
